<Solution>
  <Project Path="Cotización Terreno/Cotización Terreno.csproj" />
  <Project Path="Equivalencias Horas/Equivalencias Horas.csproj" />
  <Project Path="Grados Fahrenheit/Grados Fahrenheit.csproj" />
  <Project Path="Hello World!/Hello World!.csproj" />
  <Project Path="Velocidad De La Luz/Velocidad De La Luz.csproj" />
</Solution>
